
Microsoft Visual Studio Solution File, Format Version 10.00
# Visual Studio 2008
Project("{FAE04EC0-301F-11D3-BF4B-00C04F79EFBC}") = "DDD", "DDD\DDD.csproj", "{A2DD9084-FD73-4108-B0A4-5D2FAF6B4BFC}"
EndProject
Project("{FAE04EC0-301F-11D3-BF4B-00C04F79EFBC}") = "Test.DDD", "Test.DDD\Test.DDD.csproj", "{F78E1636-FA8D-4D13-98C3-FECAB1005419}"
EndProject
Global
	GlobalSection(SolutionConfigurationPlatforms) = preSolution
		Debug|x86 = Debug|x86
		Release|x86 = Release|x86
	EndGlobalSection
	GlobalSection(ProjectConfigurationPlatforms) = postSolution
		{A2DD9084-FD73-4108-B0A4-5D2FAF6B4BFC}.Debug|x86.ActiveCfg = Debug|x86
		{A2DD9084-FD73-4108-B0A4-5D2FAF6B4BFC}.Debug|x86.Build.0 = Debug|x86
		{A2DD9084-FD73-4108-B0A4-5D2FAF6B4BFC}.Release|x86.ActiveCfg = Release|x86
		{A2DD9084-FD73-4108-B0A4-5D2FAF6B4BFC}.Release|x86.Build.0 = Release|x86
		{F78E1636-FA8D-4D13-98C3-FECAB1005419}.Debug|x86.ActiveCfg = Debug|x86
		{F78E1636-FA8D-4D13-98C3-FECAB1005419}.Debug|x86.Build.0 = Debug|x86
		{F78E1636-FA8D-4D13-98C3-FECAB1005419}.Release|x86.ActiveCfg = Release|x86
		{F78E1636-FA8D-4D13-98C3-FECAB1005419}.Release|x86.Build.0 = Release|x86
	EndGlobalSection
	GlobalSection(MonoDevelopProperties) = preSolution
		StartupItem = DDD\DDD.csproj
	EndGlobalSection
EndGlobal
